
Microsoft Visual Studio Solution File, Format Version 12.00
Project("{FAE04EC0-301F-11D3-BF4B-00C04F79EFBC}") = "device-manager-api", "device-manager-api\device-manager-api.csproj", "{8B3519C3-D16F-4BC2-95D1-444FF00A8917}"
EndProject
Project("{2150E333-8FDC-42A3-9474-1A3956D46DE8}") = "tests", "tests", "{0AB3BF05-4346-4AA6-1389-037BE0695223}"
EndProject
Project("{FAE04EC0-301F-11D3-BF4B-00C04F79EFBC}") = "device-manager-api.Tests", "tests\device-manager-api.Tests\device-manager-api.Tests.csproj", "{11FA9BF7-55B2-4DD4-87E3-FFAFB64C0D7B}"
EndProject
Global
	GlobalSection(SolutionConfigurationPlatforms) = preSolution
		Debug|Any CPU = Debug|Any CPU
		Debug|x64 = Debug|x64
		Debug|x86 = Debug|x86
		Release|Any CPU = Release|Any CPU
		Release|x64 = Release|x64
		Release|x86 = Release|x86
	EndGlobalSection
	GlobalSection(ProjectConfigurationPlatforms) = postSolution
		{8B3519C3-D16F-4BC2-95D1-444FF00A8917}.Debug|Any CPU.ActiveCfg = Debug|Any CPU
		{8B3519C3-D16F-4BC2-95D1-444FF00A8917}.Debug|Any CPU.Build.0 = Debug|Any CPU
		{8B3519C3-D16F-4BC2-95D1-444FF00A8917}.Debug|x64.ActiveCfg = Debug|Any CPU
		{8B3519C3-D16F-4BC2-95D1-444FF00A8917}.Debug|x64.Build.0 = Debug|Any CPU
		{8B3519C3-D16F-4BC2-95D1-444FF00A8917}.Debug|x86.ActiveCfg = Debug|Any CPU
		{8B3519C3-D16F-4BC2-95D1-444FF00A8917}.Debug|x86.Build.0 = Debug|Any CPU
		{8B3519C3-D16F-4BC2-95D1-444FF00A8917}.Release|Any CPU.ActiveCfg = Release|Any CPU
		{8B3519C3-D16F-4BC2-95D1-444FF00A8917}.Release|Any CPU.Build.0 = Release|Any CPU
		{8B3519C3-D16F-4BC2-95D1-444FF00A8917}.Release|x64.ActiveCfg = Release|Any CPU
		{8B3519C3-D16F-4BC2-95D1-444FF00A8917}.Release|x64.Build.0 = Release|Any CPU
		{8B3519C3-D16F-4BC2-95D1-444FF00A8917}.Release|x86.ActiveCfg = Release|Any CPU
		{8B3519C3-D16F-4BC2-95D1-444FF00A8917}.Release|x86.Build.0 = Release|Any CPU
		{11FA9BF7-55B2-4DD4-87E3-FFAFB64C0D7B}.Debug|Any CPU.ActiveCfg = Debug|Any CPU
		{11FA9BF7-55B2-4DD4-87E3-FFAFB64C0D7B}.Debug|Any CPU.Build.0 = Debug|Any CPU
		{11FA9BF7-55B2-4DD4-87E3-FFAFB64C0D7B}.Debug|x64.ActiveCfg = Debug|Any CPU
		{11FA9BF7-55B2-4DD4-87E3-FFAFB64C0D7B}.Debug|x64.Build.0 = Debug|Any CPU
		{11FA9BF7-55B2-4DD4-87E3-FFAFB64C0D7B}.Debug|x86.ActiveCfg = Debug|Any CPU
		{11FA9BF7-55B2-4DD4-87E3-FFAFB64C0D7B}.Debug|x86.Build.0 = Debug|Any CPU
		{11FA9BF7-55B2-4DD4-87E3-FFAFB64C0D7B}.Release|Any CPU.ActiveCfg = Release|Any CPU
		{11FA9BF7-55B2-4DD4-87E3-FFAFB64C0D7B}.Release|Any CPU.Build.0 = Release|Any CPU
		{11FA9BF7-55B2-4DD4-87E3-FFAFB64C0D7B}.Release|x64.ActiveCfg = Release|Any CPU
		{11FA9BF7-55B2-4DD4-87E3-FFAFB64C0D7B}.Release|x64.Build.0 = Release|Any CPU
		{11FA9BF7-55B2-4DD4-87E3-FFAFB64C0D7B}.Release|x86.ActiveCfg = Release|Any CPU
		{11FA9BF7-55B2-4DD4-87E3-FFAFB64C0D7B}.Release|x86.Build.0 = Release|Any CPU
	EndGlobalSection
	GlobalSection(SolutionProperties) = preSolution
		HideSolutionNode = FALSE
	EndGlobalSection
	GlobalSection(NestedProjects) = preSolution
		{11FA9BF7-55B2-4DD4-87E3-FFAFB64C0D7B} = {0AB3BF05-4346-4AA6-1389-037BE0695223}
	EndGlobalSection
EndGlobal
